{
  "name": "rrweb2video-player",
  "lockfileVersion": 3,
  "requires": true,
  "packages": {
    "": {
      "name": "rrweb2video-player",
      "dependencies": {
        "rrweb": "2.1.1"
      }
    },
    "node_modules/@rrweb/types": {
      "version": "2.1.6",
      "resolved": "https://registry.npmjs.org/@rrweb/types/-/types-2.1.6.tgz",
      "integrity": "sha512-DacFzGpPbQ91q3rRyh/AeZrtFYYonmLT+qgGlmh2iGcW2HPnrABJNgJWhpyzYwp/xed6Fbpi8yMxhRBlrOY0ZA==",
      "license": "MIT"
    },
    "node_modules/@rrweb/utils": {
      "version": "2.1.6",
      "resolved": "https://registry.npmjs.org/@rrweb/utils/-/utils-2.1.6.tgz",
      "integrity": "sha512-BIRXcxiytJs5Guxw0tzsnVS7ukcMqtnxixjIGvV49VdJeOEG6NJeMU7o8efbHW1D52a12Y8QsgDjgDgblg3org==",
      "license": "MIT"
    },
    "node_modules/@types/css-font-loading-module": {
      "version": "0.0.7",
      "resolved": "https://registry.npmjs.org/@types/css-font-loading-module/-/css-font-loading-module-0.0.7.tgz",
      "integrity": "sha512-nl09VhutdjINdWyXxHWN/w9zlNCfr60JUqJbd24YXUuCwgeL0TpFSdElCwb6cxfB6ybE19Gjj4g0jsgkXxKv1Q==",
      "license": "MIT"
    },
    "node_modules/@xstate/fsm": {
      "version": "1.6.5",
      "resolved": "https://registry.npmjs.org/@xstate/fsm/-/fsm-1.6.5.tgz",
      "integrity": "sha512-b5o1I6aLNeYlU/3CPlj/Z91ybk1gUsKT+5NAJI+2W4UjvS5KLG28K9v5UvNoFVjHV8PajVZ00RH3vnjyQO7ZAw==",
      "license": "MIT"
    },
    "node_modules/base64-arraybuffer": {
      "version": "1.0.2",
      "resolved": "https://registry.npmjs.org/base64-arraybuffer/-/base64-arraybuffer-1.0.2.tgz",
      "integrity": "sha512-I3yl4r9QB5ZRY3XuJVEPfc2XhZO6YweFPI+UovAzn+8/hb3oJ6lnysaFcjVpkCPfVWFUDvoZ8kmVDP7WyRtYtQ==",
      "license": "MIT",
      "engines": {
        "node": ">= 0.6.0"
      }
    },
    "node_modules/mitt": {
      "version": "3.0.1",
      "resolved": "https://registry.npmjs.org/mitt/-/mitt-3.0.1.tgz",
      "integrity": "sha512-vKivATfr97l2/QBCYAkXYDbrIWPM2IIKEl7YPhjCvKlG3kE2gm+uBo6nEXK3M5/Ffh/FLpKExzOQ3JJoJGFKBw==",
      "license": "MIT"
    },
    "node_modules/nanoid": {
      "version": "3.3.19",
      "resolved": "https://registry.npmjs.org/nanoid/-/nanoid-3.3.19.tgz",
      "integrity": "sha512-Y2tUNy4ouw6tq5oDSKeQYGOyhkUBhNOcGV/02KC+6kd9eDGqdZd++mjMiIDilrBYvjEnCYvVtsuHCuP+okSfug==",
      "funding": [
        {
          "type": "github",
          "url": "https://github.com/sponsors/ai"
        }
      ],
      "license": "MIT",
      "bin": {
        "nanoid": "bin/nanoid.cjs"
      },
      "engines": {
        "node": "^10 || ^12 || ^13.7 || ^14 || >=15.0.1"
      }
    },
    "node_modules/picocolors": {
      "version": "1.1.1",
      "resolved": "https://registry.npmjs.org/picocolors/-/picocolors-1.1.1.tgz",
      "integrity": "sha512-xceH2snhtb5M9liqDsmEw56le376mTZkEX/jEb/RxNFyegNul7eNslCXP9FDj/Lcu0X8KEyMceP2ntpaHrDEVA==",
      "license": "ISC"
    },
    "node_modules/postcss": {
      "version": "8.5.28",
      "resolved": "https://registry.npmjs.org/postcss/-/postcss-8.5.28.tgz",
      "integrity": "sha512-RRuzqDtt5Y9h3quz5hWhK+TPnsmVs6WwSU6LkJMeY4HstUEDuYTG8UJSdawMRzmzAtV+KEoG8N3Qg2qLy5vM/A==",
      "funding": [
        {
          "type": "opencollective",
          "url": "https://opencollective.com/postcss/"
        },
        {
          "type": "tidelift",
          "url": "https://tidelift.com/funding/github/npm/postcss"
        },
        {
          "type": "github",
          "url": "https://github.com/sponsors/ai"
        }
      ],
      "license": "MIT",
      "dependencies": {
        "nanoid": "^3.3.18",
        "picocolors": "^1.1.1",
        "source-map-js": "^1.2.1"
      },
      "engines": {
        "node": "^10 || ^12 || >=14"
      }
    },
    "node_modules/rrdom": {
      "version": "2.1.6",
      "resolved": "https://registry.npmjs.org/rrdom/-/rrdom-2.1.6.tgz",
      "integrity": "sha512-EMRrTs1GRsmb8bNyAs107wG7eRwVEOvDUBsnCyvQnVV6elrmrua/AeS0tdcA0gLW4eptr4l6bRsS/2QRICvdqQ==",
      "license": "MIT",
      "dependencies": {
        "rrweb-snapshot": "^2.1.6"
      }
    },
    "node_modules/rrweb": {
      "version": "2.1.1",
      "resolved": "https://registry.npmjs.org/rrweb/-/rrweb-2.1.1.tgz",
      "integrity": "sha512-ToxhJg3SsrAhw+/DPhI/2iiwZQIrGK5BGkZ0kHn4qUExcvQYRaolkciD1FWX2+r6vf1IxFyhsoRY18h3D+XoCg==",
      "license": "MIT",
      "dependencies": {
        "@rrweb/types": "^2.1.1",
        "@rrweb/utils": "^2.1.1",
        "@types/css-font-loading-module": "0.0.7",
        "@xstate/fsm": "^1.4.0",
        "base64-arraybuffer": "^1.0.1",
        "mitt": "^3.0.0",
        "rrdom": "^2.1.1",
        "rrweb-snapshot": "^2.1.1"
      }
    },
    "node_modules/rrweb-snapshot": {
      "version": "2.1.6",
      "resolved": "https://registry.npmjs.org/rrweb-snapshot/-/rrweb-snapshot-2.1.6.tgz",
      "integrity": "sha512-X03+x3AdWTbpD4Swb54CCJoEauYTv/O2ah0d3ZVv5rgr6bv0Ty5mxNjEyEEfNC1dQ8VdyjKKJgDG3A00FV0lNg==",
      "license": "MIT",
      "dependencies": {
        "postcss": "^8.4.38"
      }
    },
    "node_modules/source-map-js": {
      "version": "1.2.1",
      "resolved": "https://registry.npmjs.org/source-map-js/-/source-map-js-1.2.1.tgz",
      "integrity": "sha512-UXWMKhLOwVKb728IUtQPXxfYU+usdybtUrK/8uGE8CQMvrhOpwvzDBwj0QhSL7MQc7vIsISBG8VQ8+IDQxpfQA==",
      "license": "BSD-3-Clause",
      "engines": {
        "node": ">=0.10.0"
      }
    }
  }
}
